{
  "requires": true,
  "lockfileVersion": 1,
  "dependencies": {
    "manager": {
      "version": "1.0.9",
      "resolved": "https://registry.npmjs.org/manager/-/manager-1.0.9.tgz",
      "integrity": "sha1-H9DBhHQwIs4k0tovhHmmccdbUnQ=",
      "requires": {
        "uglify-js": "1.2.x",
        "uglifycss": "0.0.x"
      }
    },
    "pandas": {
      "version": "0.0.3",
      "resolved": "https://registry.npmjs.org/pandas/-/pandas-0.0.3.tgz",
      "integrity": "sha1-KhGwIHTw/8wHKccyNVcuWtuw8fc="
    },
    "python": {
      "version": "0.0.4",
      "resolved": "https://registry.npmjs.org/python/-/python-0.0.4.tgz",
      "integrity": "sha1-MJTomO8Xozqpw+lzs4SKOOR9GBg="
    },
    "python3": {
      "version": "0.0.1",
      "resolved": "https://registry.npmjs.org/python3/-/python3-0.0.1.tgz",
      "integrity": "sha1-njrodrW3So9mHf7JwQv1sOpMpfc="
    },
    "uglify-js": {
      "version": "1.2.6",
      "resolved": "https://registry.npmjs.org/uglify-js/-/uglify-js-1.2.6.tgz",
      "integrity": "sha1-01Sy08HPEOvBj6eMEaKL3ZzhWA0="
    },
    "uglifycss": {
      "version": "0.0.29",
      "resolved": "https://registry.npmjs.org/uglifycss/-/uglifycss-0.0.29.tgz",
      "integrity": "sha512-J2SQ2QLjiknNGbNdScaNZsXgmMGI0kYNrXaDlr4obnPW9ni1jljb1NeEVWAiTgZ8z+EBWP2ozfT9vpy03rjlMQ=="
    }
  }
}
